
Microsoft Visual Studio Solution File, Format Version 12.00
# Visual Studio 15
VisualStudioVersion = 15.0.27703.2035
MinimumVisualStudioVersion = 10.0.40219.1
Project("{FAE04EC0-301F-11D3-BF4B-00C04F79EFBC}") = "Lesson1_TestProject", "Lesson1_TestProject\Lesson1_TestProject.csproj", "{F371751E-3A7A-4D80-8EA4-96EC9BFBBF03}"
EndProject
Project("{FAE04EC0-301F-11D3-BF4B-00C04F79EFBC}") = "Lesson2_TestProject", "Lesson2_TestProject\Lesson2_TestProject.csproj", "{40274195-DD34-41BF-BD62-67F1D8F8EA40}"
EndProject
Project("{FAE04EC0-301F-11D3-BF4B-00C04F79EFBC}") = "TestBase", "TestBase\TestBase.csproj", "{63D45AE9-B445-43D2-8446-4F25C658CF39}"
EndProject
Project("{FAE04EC0-301F-11D3-BF4B-00C04F79EFBC}") = "Lesson4_TestProject", "Lesson4_TestProject\Lesson4_TestProject.csproj", "{4B6C1BFB-7077-4529-AD29-90B1EF9F4FC6}"
EndProject
Project("{FAE04EC0-301F-11D3-BF4B-00C04F79EFBC}") = "Lesson5_TestProject", "Lesson5_TestProject\Lesson5_TestProject.csproj", "{98306F08-5211-419D-8546-19A7A747D053}"
EndProject
Project("{FAE04EC0-301F-11D3-BF4B-00C04F79EFBC}") = "Lesson6_TestProject", "Lesson6_TestProject\Lesson6_TestProject.csproj", "{10A10D87-4A70-47F3-B46F-F38FF2EBF867}"
EndProject
Project("{FAE04EC0-301F-11D3-BF4B-00C04F79EFBC}") = "Lesson7_TestProject", "Lesson7_TestProject\Lesson7_TestProject.csproj", "{44EA5B21-BE5C-48FB-9C90-8B68C179F21F}"
EndProject
Global
	GlobalSection(SolutionConfigurationPlatforms) = preSolution
		Debug|Any CPU = Debug|Any CPU
		Release|Any CPU = Release|Any CPU
	EndGlobalSection
	GlobalSection(ProjectConfigurationPlatforms) = postSolution
		{F371751E-3A7A-4D80-8EA4-96EC9BFBBF03}.Debug|Any CPU.ActiveCfg = Debug|Any CPU
		{F371751E-3A7A-4D80-8EA4-96EC9BFBBF03}.Debug|Any CPU.Build.0 = Debug|Any CPU
		{F371751E-3A7A-4D80-8EA4-96EC9BFBBF03}.Release|Any CPU.ActiveCfg = Release|Any CPU
		{F371751E-3A7A-4D80-8EA4-96EC9BFBBF03}.Release|Any CPU.Build.0 = Release|Any CPU
		{40274195-DD34-41BF-BD62-67F1D8F8EA40}.Debug|Any CPU.ActiveCfg = Debug|Any CPU
		{40274195-DD34-41BF-BD62-67F1D8F8EA40}.Debug|Any CPU.Build.0 = Debug|Any CPU
		{40274195-DD34-41BF-BD62-67F1D8F8EA40}.Release|Any CPU.ActiveCfg = Release|Any CPU
		{40274195-DD34-41BF-BD62-67F1D8F8EA40}.Release|Any CPU.Build.0 = Release|Any CPU
		{63D45AE9-B445-43D2-8446-4F25C658CF39}.Debug|Any CPU.ActiveCfg = Debug|Any CPU
		{63D45AE9-B445-43D2-8446-4F25C658CF39}.Debug|Any CPU.Build.0 = Debug|Any CPU
		{63D45AE9-B445-43D2-8446-4F25C658CF39}.Release|Any CPU.ActiveCfg = Release|Any CPU
		{63D45AE9-B445-43D2-8446-4F25C658CF39}.Release|Any CPU.Build.0 = Release|Any CPU
		{4B6C1BFB-7077-4529-AD29-90B1EF9F4FC6}.Debug|Any CPU.ActiveCfg = Debug|Any CPU
		{4B6C1BFB-7077-4529-AD29-90B1EF9F4FC6}.Debug|Any CPU.Build.0 = Debug|Any CPU
		{4B6C1BFB-7077-4529-AD29-90B1EF9F4FC6}.Release|Any CPU.ActiveCfg = Release|Any CPU
		{4B6C1BFB-7077-4529-AD29-90B1EF9F4FC6}.Release|Any CPU.Build.0 = Release|Any CPU
		{98306F08-5211-419D-8546-19A7A747D053}.Debug|Any CPU.ActiveCfg = Debug|Any CPU
		{98306F08-5211-419D-8546-19A7A747D053}.Debug|Any CPU.Build.0 = Debug|Any CPU
		{98306F08-5211-419D-8546-19A7A747D053}.Release|Any CPU.ActiveCfg = Release|Any CPU
		{98306F08-5211-419D-8546-19A7A747D053}.Release|Any CPU.Build.0 = Release|Any CPU
		{10A10D87-4A70-47F3-B46F-F38FF2EBF867}.Debug|Any CPU.ActiveCfg = Debug|Any CPU
		{10A10D87-4A70-47F3-B46F-F38FF2EBF867}.Debug|Any CPU.Build.0 = Debug|Any CPU
		{10A10D87-4A70-47F3-B46F-F38FF2EBF867}.Release|Any CPU.ActiveCfg = Release|Any CPU
		{10A10D87-4A70-47F3-B46F-F38FF2EBF867}.Release|Any CPU.Build.0 = Release|Any CPU
		{44EA5B21-BE5C-48FB-9C90-8B68C179F21F}.Debug|Any CPU.ActiveCfg = Debug|Any CPU
		{44EA5B21-BE5C-48FB-9C90-8B68C179F21F}.Debug|Any CPU.Build.0 = Debug|Any CPU
		{44EA5B21-BE5C-48FB-9C90-8B68C179F21F}.Release|Any CPU.ActiveCfg = Release|Any CPU
		{44EA5B21-BE5C-48FB-9C90-8B68C179F21F}.Release|Any CPU.Build.0 = Release|Any CPU
	EndGlobalSection
	GlobalSection(SolutionProperties) = preSolution
		HideSolutionNode = FALSE
	EndGlobalSection
	GlobalSection(ExtensibilityGlobals) = postSolution
		SolutionGuid = {B1755DD0-4FA6-4A07-862F-060B00B72B67}
	EndGlobalSection
EndGlobal
