
Microsoft Visual Studio Solution File, Format Version 12.00
# Visual Studio 15
VisualStudioVersion = 15.0.27703.2035
MinimumVisualStudioVersion = 10.0.40219.1
Project("{FAE04EC0-301F-11D3-BF4B-00C04F79EFBC}") = "Lesson1_TestProject", "Lesson1_TestProject\Lesson1_TestProject.csproj", "{F371751E-3A7A-4D80-8EA4-96EC9BFBBF03}"
EndProject
Project("{FAE04EC0-301F-11D3-BF4B-00C04F79EFBC}") = "Lesson2_TestProject", "Lesson2_TestProject\Lesson2_TestProject.csproj", "{40274195-DD34-41BF-BD62-67F1D8F8EA40}"
EndProject
Global
	GlobalSection(SolutionConfigurationPlatforms) = preSolution
		Debug|Any CPU = Debug|Any CPU
		Release|Any CPU = Release|Any CPU
	EndGlobalSection
	GlobalSection(ProjectConfigurationPlatforms) = postSolution
		{F371751E-3A7A-4D80-8EA4-96EC9BFBBF03}.Debug|Any CPU.ActiveCfg = Debug|Any CPU
		{F371751E-3A7A-4D80-8EA4-96EC9BFBBF03}.Debug|Any CPU.Build.0 = Debug|Any CPU
		{F371751E-3A7A-4D80-8EA4-96EC9BFBBF03}.Release|Any CPU.ActiveCfg = Release|Any CPU
		{F371751E-3A7A-4D80-8EA4-96EC9BFBBF03}.Release|Any CPU.Build.0 = Release|Any CPU
		{40274195-DD34-41BF-BD62-67F1D8F8EA40}.Debug|Any CPU.ActiveCfg = Debug|Any CPU
		{40274195-DD34-41BF-BD62-67F1D8F8EA40}.Debug|Any CPU.Build.0 = Debug|Any CPU
		{40274195-DD34-41BF-BD62-67F1D8F8EA40}.Release|Any CPU.ActiveCfg = Release|Any CPU
		{40274195-DD34-41BF-BD62-67F1D8F8EA40}.Release|Any CPU.Build.0 = Release|Any CPU
	EndGlobalSection
	GlobalSection(SolutionProperties) = preSolution
		HideSolutionNode = FALSE
	EndGlobalSection
	GlobalSection(ExtensibilityGlobals) = postSolution
		SolutionGuid = {B1755DD0-4FA6-4A07-862F-060B00B72B67}
	EndGlobalSection
EndGlobal
